// !$*UTF8*$!
{
	archiveVersion = 1;
	classes = {
	};
	objectVersion = 50;
	objects = {

/* Begin PBXBuildFile section */
		99E841B523111B1400CEE1D9 /* AppDelegate.swift in Sources */ = {isa = PBXBuildFile; fileRef = 99E841B423111B1400CEE1D9 /* AppDelegate.swift */; };
		99E841B723111B1400CEE1D9 /* ViewController.swift in Sources */ = {isa = PBXBuildFile; fileRef = 99E841B623111B1400CEE1D9 /* ViewController.swift */; };
		99E841BA23111B1400CEE1D9 /* Main.storyboard in Resources */ = {isa = PBXBuildFile; fileRef = 99E841B823111B1400CEE1D9 /* Main.storyboard */; };
		99E841BC23111B1700CEE1D9 /* Assets.xcassets in Resources */ = {isa = PBXBuildFile; fileRef = 99E841BB23111B1700CEE1D9 /* Assets.xcassets */; };
		99E841BF23111B1700CEE1D9 /* LaunchScreen.storyboard in Resources */ = {isa = PBXBuildFile; fileRef = 99E841BD23111B1700CEE1D9 /* LaunchScreen.storyboard */; };
		99E841CA23111B1800CEE1D9 /* PasswordHackerTests.swift in Sources */ = {isa = PBXBuildFile; fileRef = 99E841C923111B1800CEE1D9 /* PasswordHackerTests.swift */; };
		99E841D523111B1800CEE1D9 /* PasswordHackerUITests.swift in Sources */ = {isa = PBXBuildFile; fileRef = 99E841D423111B1800CEE1D9 /* PasswordHackerUITests.swift */; };
/* End PBXBuildFile section */

/* Begin PBXContainerItemProxy section */
		99E841C623111B1800CEE1D9 /* PBXContainerItemProxy */ = {
			isa = PBXContainerItemProxy;
			containerPortal = 99E841A923111B1300CEE1D9 /* Project object */;
			proxyType = 1;
			remoteGlobalIDString = 99E841B023111B1400CEE1D9;
			remoteInfo = PasswordHacker;
		};
		99E841D123111B1800CEE1D9 /* PBXContainerItemProxy */ = {
			isa = PBXContainerItemProxy;
			containerPortal = 99E841A923111B1300CEE1D9 /* Project object */;
			proxyType = 1;
			remoteGlobalIDString = 99E841B023111B1400CEE1D9;
			remoteInfo = PasswordHacker;
		};
/* End PBXContainerItemProxy section */

/* Begin PBXFileReference section */
		99E841B123111B1400CEE1D9 /* PasswordHacker.app */ = {isa = PBXFileReference; explicitFileType = wrapper.application; includeInIndex = 0; path = PasswordHacker.app; sourceTree = BUILT_PRODUCTS_DIR; };
		99E841B423111B1400CEE1D9 /* AppDelegate.swift */ = {isa = PBXFileReference; lastKnownFileType = sourcecode.swift; path = AppDelegate.swift; sourceTree = "<group>"; };
		99E841B623111B1400CEE1D9 /* ViewController.swift */ = {isa = PBXFileReference; lastKnownFileType = sourcecode.swift; path = ViewController.swift; sourceTree = "<group>"; };
		99E841B923111B1400CEE1D9 /* Base */ = {isa = PBXFileReference; lastKnownFileType = file.storyboard; name = Base; path = Base.lproj/Main.storyboard; sourceTree = "<group>"; };
		99E841BB23111B1700CEE1D9 /* Assets.xcassets */ = {isa = PBXFileReference; lastKnownFileType = folder.assetcatalog; path = Assets.xcassets; sourceTree = "<group>"; };
		99E841BE23111B1700CEE1D9 /* Base */ = {isa = PBXFileReference; lastKnownFileType = file.storyboard; name = Base; path = Base.lproj/LaunchScreen.storyboard; sourceTree = "<group>"; };
		99E841C023111B1700CEE1D9 /* Info.plist */ = {isa = PBXFileReference; lastKnownFileType = text.plist.xml; path = Info.plist; sourceTree = "<group>"; };
		99E841C523111B1800CEE1D9 /* PasswordHackerTests.xctest */ = {isa = PBXFileReference; explicitFileType = wrapper.cfbundle; includeInIndex = 0; path = PasswordHackerTests.xctest; sourceTree = BUILT_PRODUCTS_DIR; };
		99E841C923111B1800CEE1D9 /* PasswordHackerTests.swift */ = {isa = PBXFileReference; lastKnownFileType = sourcecode.swift; path = PasswordHackerTests.swift; sourceTree = "<group>"; };
		99E841CB23111B1800CEE1D9 /* Info.plist */ = {isa = PBXFileReference; lastKnownFileType = text.plist.xml; path = Info.plist; sourceTree = "<group>"; };
		99E841D023111B1800CEE1D9 /* PasswordHackerUITests.xctest */ = {isa = PBXFileReference; explicitFileType = wrapper.cfbundle; includeInIndex = 0; path = PasswordHackerUITests.xctest; sourceTree = BUILT_PRODUCTS_DIR; };
		99E841D423111B1800CEE1D9 /* PasswordHackerUITests.swift */ = {isa = PBXFileReference; lastKnownFileType = sourcecode.swift; path = PasswordHackerUITests.swift; sourceTree = "<group>"; };
		99E841D623111B1800CEE1D9 /* Info.plist */ = {isa = PBXFileReference; lastKnownFileType = text.plist.xml; path = Info.plist; sourceTree = "<group>"; };
/* End PBXFileReference section */

/* Begin PBXFrameworksBuildPhase section */
		99E841AE23111B1400CEE1D9 /* Frameworks */ = {
			isa = PBXFrameworksBuildPhase;
			buildActionMask = 2147483647;
			files = (
			);
			runOnlyForDeploymentPostprocessing = 0;
		};
		99E841C223111B1800CEE1D9 /* Frameworks */ = {
			isa = PBXFrameworksBuildPhase;
			buildActionMask = 2147483647;
			files = (
			);
			runOnlyForDeploymentPostprocessing = 0;
		};
		99E841CD23111B1800CEE1D9 /* Frameworks */ = {
			isa = PBXFrameworksBuildPhase;
			buildActionMask = 2147483647;
			files = (
			);
			runOnlyForDeploymentPostprocessing = 0;
		};
/* End PBXFrameworksBuildPhase section */

/* Begin PBXGroup section */
		99E841A823111B1300CEE1D9 = {
			isa = PBXGroup;
			children = (
				99E841B323111B1400CEE1D9 /* PasswordHacker */,
				99E841C823111B1800CEE1D9 /* PasswordHackerTests */,
				99E841D323111B1800CEE1D9 /* PasswordHackerUITests */,
				99E841B223111B1400CEE1D9 /* Products */,
			);
			sourceTree = "<group>";
		};
		99E841B223111B1400CEE1D9 /* Products */ = {
			isa = PBXGroup;
			children = (
				99E841B123111B1400CEE1D9 /* PasswordHacker.app */,
				99E841C523111B1800CEE1D9 /* PasswordHackerTests.xctest */,
				99E841D023111B1800CEE1D9 /* PasswordHackerUITests.xctest */,
			);
			name = Products;
			sourceTree = "<group>";
		};
		99E841B323111B1400CEE1D9 /* PasswordHacker */ = {
			isa = PBXGroup;
			children = (
				99E841B423111B1400CEE1D9 /* AppDelegate.swift */,
				99E841B623111B1400CEE1D9 /* ViewController.swift */,
				99E841B823111B1400CEE1D9 /* Main.storyboard */,
				99E841BB23111B1700CEE1D9 /* Assets.xcassets */,
				99E841BD23111B1700CEE1D9 /* LaunchScreen.storyboard */,
				99E841C023111B1700CEE1D9 /* Info.plist */,
			);
			path = PasswordHacker;
			sourceTree = "<group>";
		};
		99E841C823111B1800CEE1D9 /* PasswordHackerTests */ = {
			isa = PBXGroup;
			children = (
				99E841C923111B1800CEE1D9 /* PasswordHackerTests.swift */,
				99E841CB23111B1800CEE1D9 /* Info.plist */,
			);
			path = PasswordHackerTests;
			sourceTree = "<group>";
		};
		99E841D323111B1800CEE1D9 /* PasswordHackerUITests */ = {
			isa = PBXGroup;
			children = (
				99E841D423111B1800CEE1D9 /* PasswordHackerUITests.swift */,
				99E841D623111B1800CEE1D9 /* Info.plist */,
			);
			path = PasswordHackerUITests;
			sourceTree = "<group>";
		};
/* End PBXGroup section */

/* Begin PBXNativeTarget section */
		99E841B023111B1400CEE1D9 /* PasswordHacker */ = {
			isa = PBXNativeTarget;
			buildConfigurationList = 99E841D923111B1800CEE1D9 /* Build configuration list for PBXNativeTarget "PasswordHacker" */;
			buildPhases = (
				99E841AD23111B1400CEE1D9 /* Sources */,
				99E841AE23111B1400CEE1D9 /* Frameworks */,
				99E841AF23111B1400CEE1D9 /* Resources */,
			);
			buildRules = (
			);
			dependencies = (
			);
			name = PasswordHacker;
			productName = PasswordHacker;
			productReference = 99E841B123111B1400CEE1D9 /* PasswordHacker.app */;
			productType = "com.apple.product-type.application";
		};
		99E841C423111B1800CEE1D9 /* PasswordHackerTests */ = {
			isa = PBXNativeTarget;
			buildConfigurationList = 99E841DC23111B1800CEE1D9 /* Build configuration list for PBXNativeTarget "PasswordHackerTests" */;
			buildPhases = (
				99E841C123111B1800CEE1D9 /* Sources */,
				99E841C223111B1800CEE1D9 /* Frameworks */,
				99E841C323111B1800CEE1D9 /* Resources */,
			);
			buildRules = (
			);
			dependencies = (
				99E841C723111B1800CEE1D9 /* PBXTargetDependency */,
			);
			name = PasswordHackerTests;
			productName = PasswordHackerTests;
			productReference = 99E841C523111B1800CEE1D9 /* PasswordHackerTests.xctest */;
			productType = "com.apple.product-type.bundle.unit-test";
		};
		99E841CF23111B1800CEE1D9 /* PasswordHackerUITests */ = {
			isa = PBXNativeTarget;
			buildConfigurationList = 99E841DF23111B1800CEE1D9 /* Build configuration list for PBXNativeTarget "PasswordHackerUITests" */;
			buildPhases = (
				99E841CC23111B1800CEE1D9 /* Sources */,
				99E841CD23111B1800CEE1D9 /* Frameworks */,
				99E841CE23111B1800CEE1D9 /* Resources */,
			);
			buildRules = (
			);
			dependencies = (
				99E841D223111B1800CEE1D9 /* PBXTargetDependency */,
			);
			name = PasswordHackerUITests;
			productName = PasswordHackerUITests;
			productReference = 99E841D023111B1800CEE1D9 /* PasswordHackerUITests.xctest */;
			productType = "com.apple.product-type.bundle.ui-testing";
		};
/* End PBXNativeTarget section */

/* Begin PBXProject section */
		99E841A923111B1300CEE1D9 /* Project object */ = {
			isa = PBXProject;
			attributes = {
				LastSwiftUpdateCheck = 1030;
				LastUpgradeCheck = 1030;
				ORGANIZATIONNAME = "Mio Sato";
				TargetAttributes = {
					99E841B023111B1400CEE1D9 = {
						CreatedOnToolsVersion = 10.3;
					};
					99E841C423111B1800CEE1D9 = {
						CreatedOnToolsVersion = 10.3;
						TestTargetID = 99E841B023111B1400CEE1D9;
					};
					99E841CF23111B1800CEE1D9 = {
						CreatedOnToolsVersion = 10.3;
						TestTargetID = 99E841B023111B1400CEE1D9;
					};
				};
			};
			buildConfigurationList = 99E841AC23111B1300CEE1D9 /* Build configuration list for PBXProject "PasswordHacker" */;
			compatibilityVersion = "Xcode 9.3";
			developmentRegion = en;
			hasScannedForEncodings = 0;
			knownRegions = (
				en,
				Base,
			);
			mainGroup = 99E841A823111B1300CEE1D9;
			productRefGroup = 99E841B223111B1400CEE1D9 /* Products */;
			projectDirPath = "";
			projectRoot = "";
			targets = (
				99E841B023111B1400CEE1D9 /* PasswordHacker */,
				99E841C423111B1800CEE1D9 /* PasswordHackerTests */,
				99E841CF23111B1800CEE1D9 /* PasswordHackerUITests */,
			);
		};
/* End PBXProject section */

/* Begin PBXResourcesBuildPhase section */
		99E841AF23111B1400CEE1D9 /* Resources */ = {
			isa = PBXResourcesBuildPhase;
			buildActionMask = 2147483647;
			files = (
				99E841BF23111B1700CEE1D9 /* LaunchScreen.storyboard in Resources */,
				99E841BC23111B1700CEE1D9 /* Assets.xcassets in Resources */,
				99E841BA23111B1400CEE1D9 /* Main.storyboard in Resources */,
			);
			runOnlyForDeploymentPostprocessing = 0;
		};
		99E841C323111B1800CEE1D9 /* Resources */ = {
			isa = PBXResourcesBuildPhase;
			buildActionMask = 2147483647;
			files = (
			);
			runOnlyForDeploymentPostprocessing = 0;
		};
		99E841CE23111B1800CEE1D9 /* Resources */ = {
			isa = PBXResourcesBuildPhase;
			buildActionMask = 2147483647;
			files = (
			);
			runOnlyForDeploymentPostprocessing = 0;
		};
/* End PBXResourcesBuildPhase section */

/* Begin PBXSourcesBuildPhase section */
		99E841AD23111B1400CEE1D9 /* Sources */ = {
			isa = PBXSourcesBuildPhase;
			buildActionMask = 2147483647;
			files = (
				99E841B723111B1400CEE1D9 /* ViewController.swift in Sources */,
				99E841B523111B1400CEE1D9 /* AppDelegate.swift in Sources */,
			);
			runOnlyForDeploymentPostprocessing = 0;
		};
		99E841C123111B1800CEE1D9 /* Sources */ = {
			isa = PBXSourcesBuildPhase;
			buildActionMask = 2147483647;
			files = (
				99E841CA23111B1800CEE1D9 /* PasswordHackerTests.swift in Sources */,
			);
			runOnlyForDeploymentPostprocessing = 0;
		};
		99E841CC23111B1800CEE1D9 /* Sources */ = {
			isa = PBXSourcesBuildPhase;
			buildActionMask = 2147483647;
			files = (
				99E841D523111B1800CEE1D9 /* PasswordHackerUITests.swift in Sources */,
			);
			runOnlyForDeploymentPostprocessing = 0;
		};
/* End PBXSourcesBuildPhase section */

/* Begin PBXTargetDependency section */
		99E841C723111B1800CEE1D9 /* PBXTargetDependency */ = {
			isa = PBXTargetDependency;
			target = 99E841B023111B1400CEE1D9 /* PasswordHacker */;
			targetProxy = 99E841C623111B1800CEE1D9 /* PBXContainerItemProxy */;
		};
		99E841D223111B1800CEE1D9 /* PBXTargetDependency */ = {
			isa = PBXTargetDependency;
			target = 99E841B023111B1400CEE1D9 /* PasswordHacker */;
			targetProxy = 99E841D123111B1800CEE1D9 /* PBXContainerItemProxy */;
		};
/* End PBXTargetDependency section */

/* Begin PBXVariantGroup section */
		99E841B823111B1400CEE1D9 /* Main.storyboard */ = {
			isa = PBXVariantGroup;
			children = (
				99E841B923111B1400CEE1D9 /* Base */,
			);
			name = Main.storyboard;
			sourceTree = "<group>";
		};
		99E841BD23111B1700CEE1D9 /* LaunchScreen.storyboard */ = {
			isa = PBXVariantGroup;
			children = (
				99E841BE23111B1700CEE1D9 /* Base */,
			);
			name = LaunchScreen.storyboard;
			sourceTree = "<group>";
		};
/* End PBXVariantGroup section */

/* Begin XCBuildConfiguration section */
		99E841D723111B1800CEE1D9 /* Debug */ = {
			isa = XCBuildConfiguration;
			buildSettings = {
				ALWAYS_SEARCH_USER_PATHS = NO;
				CLANG_ANALYZER_NONNULL = YES;
				CLANG_ANALYZER_NUMBER_OBJECT_CONVERSION = YES_AGGRESSIVE;
				CLANG_CXX_LANGUAGE_STANDARD = "gnu++14";
				CLANG_CXX_LIBRARY = "libc++";
				CLANG_ENABLE_MODULES = YES;
				CLANG_ENABLE_OBJC_ARC = YES;
				CLANG_ENABLE_OBJC_WEAK = YES;
				CLANG_WARN_BLOCK_CAPTURE_AUTORELEASING = YES;
				CLANG_WARN_BOOL_CONVERSION = YES;
				CLANG_WARN_COMMA = YES;
				CLANG_WARN_CONSTANT_CONVERSION = YES;
				CLANG_WARN_DEPRECATED_OBJC_IMPLEMENTATIONS = YES;
				CLANG_WARN_DIRECT_OBJC_ISA_USAGE = YES_ERROR;
				CLANG_WARN_DOCUMENTATION_COMMENTS = YES;
				CLANG_WARN_EMPTY_BODY = YES;
				CLANG_WARN_ENUM_CONVERSION = YES;
				CLANG_WARN_INFINITE_RECURSION = YES;
				CLANG_WARN_INT_CONVERSION = YES;
				CLANG_WARN_NON_LITERAL_NULL_CONVERSION = YES;
				CLANG_WARN_OBJC_IMPLICIT_RETAIN_SELF = YES;
				CLANG_WARN_OBJC_LITERAL_CONVERSION = YES;
				CLANG_WARN_OBJC_ROOT_CLASS = YES_ERROR;
				CLANG_WARN_RANGE_LOOP_ANALYSIS = YES;
				CLANG_WARN_STRICT_PROTOTYPES = YES;
				CLANG_WARN_SUSPICIOUS_MOVE = YES;
				CLANG_WARN_UNGUARDED_AVAILABILITY = YES_AGGRESSIVE;
				CLANG_WARN_UNREACHABLE_CODE = YES;
				CLANG_WARN__DUPLICATE_METHOD_MATCH = YES;
				CODE_SIGN_IDENTITY = "iPhone Developer";
				COPY_PHASE_STRIP = NO;
				DEBUG_INFORMATION_FORMAT = dwarf;
				ENABLE_STRICT_OBJC_MSGSEND = YES;
				ENABLE_TESTABILITY = YES;
				GCC_C_LANGUAGE_STANDARD = gnu11;
				GCC_DYNAMIC_NO_PIC = NO;
				GCC_NO_COMMON_BLOCKS = YES;
				GCC_OPTIMIZATION_LEVEL = 0;
				GCC_PREPROCESSOR_DEFINITIONS = (
					"DEBUG=1",
					"$(inherited)",
				);
				GCC_WARN_64_TO_32_BIT_CONVERSION = YES;
				GCC_WARN_ABOUT_RETURN_TYPE = YES_ERROR;
				GCC_WARN_UNDECLARED_SELECTOR = YES;
				GCC_WARN_UNINITIALIZED_AUTOS = YES_AGGRESSIVE;
				GCC_WARN_UNUSED_FUNCTION = YES;
				GCC_WARN_UNUSED_VARIABLE = YES;
				IPHONEOS_DEPLOYMENT_TARGET = 12.4;
				MTL_ENABLE_DEBUG_INFO = INCLUDE_SOURCE;
				MTL_FAST_MATH = YES;
				ONLY_ACTIVE_ARCH = YES;
				SDKROOT = iphoneos;
				SWIFT_ACTIVE_COMPILATION_CONDITIONS = DEBUG;
				SWIFT_OPTIMIZATION_LEVEL = "-Onone";
			};
			name = Debug;
		};
		99E841D823111B1800CEE1D9 /* Release */ = {
			isa = XCBuildConfiguration;
			buildSettings = {
				ALWAYS_SEARCH_USER_PATHS = NO;
				CLANG_ANALYZER_NONNULL = YES;
				CLANG_ANALYZER_NUMBER_OBJECT_CONVERSION = YES_AGGRESSIVE;
				CLANG_CXX_LANGUAGE_STANDARD = "gnu++14";
				CLANG_CXX_LIBRARY = "libc++";
				CLANG_ENABLE_MODULES = YES;
				CLANG_ENABLE_OBJC_ARC = YES;
				CLANG_ENABLE_OBJC_WEAK = YES;
				CLANG_WARN_BLOCK_CAPTURE_AUTORELEASING = YES;
				CLANG_WARN_BOOL_CONVERSION = YES;
				CLANG_WARN_COMMA = YES;
				CLANG_WARN_CONSTANT_CONVERSION = YES;
				CLANG_WARN_DEPRECATED_OBJC_IMPLEMENTATIONS = YES;
				CLANG_WARN_DIRECT_OBJC_ISA_USAGE = YES_ERROR;
				CLANG_WARN_DOCUMENTATION_COMMENTS = YES;
				CLANG_WARN_EMPTY_BODY = YES;
				CLANG_WARN_ENUM_CONVERSION = YES;
				CLANG_WARN_INFINITE_RECURSION = YES;
				CLANG_WARN_INT_CONVERSION = YES;
				CLANG_WARN_NON_LITERAL_NULL_CONVERSION = YES;
				CLANG_WARN_OBJC_IMPLICIT_RETAIN_SELF = YES;
				CLANG_WARN_OBJC_LITERAL_CONVERSION = YES;
				CLANG_WARN_OBJC_ROOT_CLASS = YES_ERROR;
				CLANG_WARN_RANGE_LOOP_ANALYSIS = YES;
				CLANG_WARN_STRICT_PROTOTYPES = YES;
				CLANG_WARN_SUSPICIOUS_MOVE = YES;
				CLANG_WARN_UNGUARDED_AVAILABILITY = YES_AGGRESSIVE;
				CLANG_WARN_UNREACHABLE_CODE = YES;
				CLANG_WARN__DUPLICATE_METHOD_MATCH = YES;
				CODE_SIGN_IDENTITY = "iPhone Developer";
				COPY_PHASE_STRIP = NO;
				DEBUG_INFORMATION_FORMAT = "dwarf-with-dsym";
				ENABLE_NS_ASSERTIONS = NO;
				ENABLE_STRICT_OBJC_MSGSEND = YES;
				GCC_C_LANGUAGE_STANDARD = gnu11;
				GCC_NO_COMMON_BLOCKS = YES;
				GCC_WARN_64_TO_32_BIT_CONVERSION = YES;
				GCC_WARN_ABOUT_RETURN_TYPE = YES_ERROR;
				GCC_WARN_UNDECLARED_SELECTOR = YES;
				GCC_WARN_UNINITIALIZED_AUTOS = YES_AGGRESSIVE;
				GCC_WARN_UNUSED_FUNCTION = YES;
				GCC_WARN_UNUSED_VARIABLE = YES;
				IPHONEOS_DEPLOYMENT_TARGET = 12.4;
				MTL_ENABLE_DEBUG_INFO = NO;
				MTL_FAST_MATH = YES;
				SDKROOT = iphoneos;
				SWIFT_COMPILATION_MODE = wholemodule;
				SWIFT_OPTIMIZATION_LEVEL = "-O";
				VALIDATE_PRODUCT = YES;
			};
			name = Release;
		};
		99E841DA23111B1800CEE1D9 /* Debug */ = {
			isa = XCBuildConfiguration;
			buildSettings = {
				ASSETCATALOG_COMPILER_APPICON_NAME = AppIcon;
				CODE_SIGN_STYLE = Automatic;
				DEVELOPMENT_TEAM = GBTH92H4VX;
				INFOPLIST_FILE = PasswordHacker/Info.plist;
				LD_RUNPATH_SEARCH_PATHS = (
					"$(inherited)",
					"@executable_path/Frameworks",
				);
				PRODUCT_BUNDLE_IDENTIFIER = com.litech.PasswordHacker;
				PRODUCT_NAME = "$(TARGET_NAME)";
				SWIFT_VERSION = 5.0;
				TARGETED_DEVICE_FAMILY = "1,2";
			};
			name = Debug;
		};
		99E841DB23111B1800CEE1D9 /* Release */ = {
			isa = XCBuildConfiguration;
			buildSettings = {
				ASSETCATALOG_COMPILER_APPICON_NAME = AppIcon;
				CODE_SIGN_STYLE = Automatic;
				DEVELOPMENT_TEAM = GBTH92H4VX;
				INFOPLIST_FILE = PasswordHacker/Info.plist;
				LD_RUNPATH_SEARCH_PATHS = (
					"$(inherited)",
					"@executable_path/Frameworks",
				);
				PRODUCT_BUNDLE_IDENTIFIER = com.litech.PasswordHacker;
				PRODUCT_NAME = "$(TARGET_NAME)";
				SWIFT_VERSION = 5.0;
				TARGETED_DEVICE_FAMILY = "1,2";
			};
			name = Release;
		};
		99E841DD23111B1800CEE1D9 /* Debug */ = {
			isa = XCBuildConfiguration;
			buildSettings = {
				ALWAYS_EMBED_SWIFT_STANDARD_LIBRARIES = YES;
				BUNDLE_LOADER = "$(TEST_HOST)";
				CODE_SIGN_STYLE = Automatic;
				DEVELOPMENT_TEAM = GBTH92H4VX;
				INFOPLIST_FILE = PasswordHackerTests/Info.plist;
				LD_RUNPATH_SEARCH_PATHS = (
					"$(inherited)",
					"@executable_path/Frameworks",
					"@loader_path/Frameworks",
				);
				PRODUCT_BUNDLE_IDENTIFIER = com.litech.PasswordHackerTests;
				PRODUCT_NAME = "$(TARGET_NAME)";
				SWIFT_VERSION = 5.0;
				TARGETED_DEVICE_FAMILY = "1,2";
				TEST_HOST = "$(BUILT_PRODUCTS_DIR)/PasswordHacker.app/PasswordHacker";
			};
			name = Debug;
		};
		99E841DE23111B1800CEE1D9 /* Release */ = {
			isa = XCBuildConfiguration;
			buildSettings = {
				ALWAYS_EMBED_SWIFT_STANDARD_LIBRARIES = YES;
				BUNDLE_LOADER = "$(TEST_HOST)";
				CODE_SIGN_STYLE = Automatic;
				DEVELOPMENT_TEAM = GBTH92H4VX;
				INFOPLIST_FILE = PasswordHackerTests/Info.plist;
				LD_RUNPATH_SEARCH_PATHS = (
					"$(inherited)",
					"@executable_path/Frameworks",
					"@loader_path/Frameworks",
				);
				PRODUCT_BUNDLE_IDENTIFIER = com.litech.PasswordHackerTests;
				PRODUCT_NAME = "$(TARGET_NAME)";
				SWIFT_VERSION = 5.0;
				TARGETED_DEVICE_FAMILY = "1,2";
				TEST_HOST = "$(BUILT_PRODUCTS_DIR)/PasswordHacker.app/PasswordHacker";
			};
			name = Release;
		};
		99E841E023111B1800CEE1D9 /* Debug */ = {
			isa = XCBuildConfiguration;
			buildSettings = {
				ALWAYS_EMBED_SWIFT_STANDARD_LIBRARIES = YES;
				CODE_SIGN_STYLE = Automatic;
				DEVELOPMENT_TEAM = GBTH92H4VX;
				INFOPLIST_FILE = PasswordHackerUITests/Info.plist;
				LD_RUNPATH_SEARCH_PATHS = (
					"$(inherited)",
					"@executable_path/Frameworks",
					"@loader_path/Frameworks",
				);
				PRODUCT_BUNDLE_IDENTIFIER = com.litech.PasswordHackerUITests;
				PRODUCT_NAME = "$(TARGET_NAME)";
				SWIFT_VERSION = 5.0;
				TARGETED_DEVICE_FAMILY = "1,2";
				TEST_TARGET_NAME = PasswordHacker;
			};
			name = Debug;
		};
		99E841E123111B1800CEE1D9 /* Release */ = {
			isa = XCBuildConfiguration;
			buildSettings = {
				ALWAYS_EMBED_SWIFT_STANDARD_LIBRARIES = YES;
				CODE_SIGN_STYLE = Automatic;
				DEVELOPMENT_TEAM = GBTH92H4VX;
				INFOPLIST_FILE = PasswordHackerUITests/Info.plist;
				LD_RUNPATH_SEARCH_PATHS = (
					"$(inherited)",
					"@executable_path/Frameworks",
					"@loader_path/Frameworks",
				);
				PRODUCT_BUNDLE_IDENTIFIER = com.litech.PasswordHackerUITests;
				PRODUCT_NAME = "$(TARGET_NAME)";
				SWIFT_VERSION = 5.0;
				TARGETED_DEVICE_FAMILY = "1,2";
				TEST_TARGET_NAME = PasswordHacker;
			};
			name = Release;
		};
/* End XCBuildConfiguration section */

/* Begin XCConfigurationList section */
		99E841AC23111B1300CEE1D9 /* Build configuration list for PBXProject "PasswordHacker" */ = {
			isa = XCConfigurationList;
			buildConfigurations = (
				99E841D723111B1800CEE1D9 /* Debug */,
				99E841D823111B1800CEE1D9 /* Release */,
			);
			defaultConfigurationIsVisible = 0;
			defaultConfigurationName = Release;
		};
		99E841D923111B1800CEE1D9 /* Build configuration list for PBXNativeTarget "PasswordHacker" */ = {
			isa = XCConfigurationList;
			buildConfigurations = (
				99E841DA23111B1800CEE1D9 /* Debug */,
				99E841DB23111B1800CEE1D9 /* Release */,
			);
			defaultConfigurationIsVisible = 0;
			defaultConfigurationName = Release;
		};
		99E841DC23111B1800CEE1D9 /* Build configuration list for PBXNativeTarget "PasswordHackerTests" */ = {
			isa = XCConfigurationList;
			buildConfigurations = (
				99E841DD23111B1800CEE1D9 /* Debug */,
				99E841DE23111B1800CEE1D9 /* Release */,
			);
			defaultConfigurationIsVisible = 0;
			defaultConfigurationName = Release;
		};
		99E841DF23111B1800CEE1D9 /* Build configuration list for PBXNativeTarget "PasswordHackerUITests" */ = {
			isa = XCConfigurationList;
			buildConfigurations = (
				99E841E023111B1800CEE1D9 /* Debug */,
				99E841E123111B1800CEE1D9 /* Release */,
			);
			defaultConfigurationIsVisible = 0;
			defaultConfigurationName = Release;
		};
/* End XCConfigurationList section */
	};
	rootObject = 99E841A923111B1300CEE1D9 /* Project object */;
}
